
Microsoft Visual Studio Solution File, Format Version 12.00
# Visual Studio 15
VisualStudioVersion = 15.0.28307.168
MinimumVisualStudioVersion = 10.0.40219.1
Project("{FAE04EC0-301F-11D3-BF4B-00C04F79EFBC}") = "WebApiApp", "src\WebApiApp\WebApiApp.csproj", "{017A093F-ADEE-4274-8875-DA51BA5D8462}"
EndProject
Global
	GlobalSection(SolutionConfigurationPlatforms) = preSolution
		Debug|Any CPU = Debug|Any CPU
		Release|Any CPU = Release|Any CPU
	EndGlobalSection
	GlobalSection(ProjectConfigurationPlatforms) = postSolution
		{017A093F-ADEE-4274-8875-DA51BA5D8462}.Debug|Any CPU.ActiveCfg = Debug|Any CPU
		{017A093F-ADEE-4274-8875-DA51BA5D8462}.Debug|Any CPU.Build.0 = Debug|Any CPU
		{017A093F-ADEE-4274-8875-DA51BA5D8462}.Release|Any CPU.ActiveCfg = Release|Any CPU
		{017A093F-ADEE-4274-8875-DA51BA5D8462}.Release|Any CPU.Build.0 = Release|Any CPU
	EndGlobalSection
	GlobalSection(SolutionProperties) = preSolution
		HideSolutionNode = FALSE
	EndGlobalSection
	GlobalSection(ExtensibilityGlobals) = postSolution
		SolutionGuid = {78F7A12B-8476-466B-BD21-ED1982E83BF0}
	EndGlobalSection
EndGlobal
